
Microsoft Visual Studio Solution File, Format Version 12.00
# Visual Studio Version 17
VisualStudioVersion = 17.6.33829.357
MinimumVisualStudioVersion = 10.0.40219.1
Project("{FAE04EC0-301F-11D3-BF4B-00C04F79EFBC}") = "Resources_Examples", "Resources_Examples\Resources_Examples.csproj", "{5948900A-5648-450C-83DA-6CF9F309B1AA}"
EndProject
Global
	GlobalSection(SolutionConfigurationPlatforms) = preSolution
		Debug|Any CPU = Debug|Any CPU
		Release|Any CPU = Release|Any CPU
	EndGlobalSection
	GlobalSection(ProjectConfigurationPlatforms) = postSolution
		{5948900A-5648-450C-83DA-6CF9F309B1AA}.Debug|Any CPU.ActiveCfg = Debug|Any CPU
		{5948900A-5648-450C-83DA-6CF9F309B1AA}.Debug|Any CPU.Build.0 = Debug|Any CPU
		{5948900A-5648-450C-83DA-6CF9F309B1AA}.Release|Any CPU.ActiveCfg = Release|Any CPU
		{5948900A-5648-450C-83DA-6CF9F309B1AA}.Release|Any CPU.Build.0 = Release|Any CPU
	EndGlobalSection
	GlobalSection(SolutionProperties) = preSolution
		HideSolutionNode = FALSE
	EndGlobalSection
	GlobalSection(ExtensibilityGlobals) = postSolution
		SolutionGuid = {ECB2D997-B911-4F20-8E43-5CCDB7767233}
	EndGlobalSection
EndGlobal
